
Microsoft Visual Studio Solution File, Format Version 12.00
# Visual Studio Version 17
VisualStudioVersion = 17.9.34607.119
MinimumVisualStudioVersion = 10.0.40219.1
Project("{FAE04EC0-301F-11D3-BF4B-00C04F79EFBC}") = "Numismatics", "Numismatics\Numismatics.csproj", "{1BBDA184-079E-44FB-96E6-B835C2CF751F}"
EndProject
Global
	GlobalSection(SolutionConfigurationPlatforms) = preSolution
		Debug|Any CPU = Debug|Any CPU
		Release|Any CPU = Release|Any CPU
	EndGlobalSection
	GlobalSection(ProjectConfigurationPlatforms) = postSolution
		{1BBDA184-079E-44FB-96E6-B835C2CF751F}.Debug|Any CPU.ActiveCfg = Debug|Any CPU
		{1BBDA184-079E-44FB-96E6-B835C2CF751F}.Debug|Any CPU.Build.0 = Debug|Any CPU
		{1BBDA184-079E-44FB-96E6-B835C2CF751F}.Release|Any CPU.ActiveCfg = Release|Any CPU
		{1BBDA184-079E-44FB-96E6-B835C2CF751F}.Release|Any CPU.Build.0 = Release|Any CPU
	EndGlobalSection
	GlobalSection(SolutionProperties) = preSolution
		HideSolutionNode = FALSE
	EndGlobalSection
	GlobalSection(ExtensibilityGlobals) = postSolution
		SolutionGuid = {91A0AA21-4C63-4740-849A-751BE45BBA1E}
	EndGlobalSection
EndGlobal
